# This file is generated by running "yarn install" inside your project.
# Manual changes might be lost - proceed with caution!

__metadata:
  version: 4

"adm-zip@npm:^0.4.13":
  version: 0.4.13
  resolution: "adm-zip@npm:0.4.13"
  checksum: 60bacb51b88124a4d5f53a3ee2d38da6d280ff4456eeb8423c5e96b15e33da7813ddf721b1fcc7c25b1ce143f18bfa950954ab8bdc511cc4ee5e2a3a3dc859b6
  languageName: node
  linkType: hard

"shaliens_ck2_mod_manager@workspace:.":
  version: 0.0.0-use.local
  resolution: "shaliens_ck2_mod_manager@workspace:."
  dependencies:
    adm-zip: ^0.4.13
  languageName: unknown
  linkType: soft
